
Microsoft Visual Studio Solution File, Format Version 12.00
# Visual Studio 2013
VisualStudioVersion = 12.0.21005.1
MinimumVisualStudioVersion = 10.0.40219.1
Project("{8BC9CEB8-8B4A-11D0-8D11-00A0C91BC942}") = "W2VPerfTest", "DisambugationPerfTest\DisambugationPerfTest.vcxproj", "{CDE78703-EDA2-4596-9663-1067C3FE59BB}"
EndProject
Project("{8BC9CEB8-8B4A-11D0-8D11-00A0C91BC942}") = "EMPerfTest", "EMPerfTest\EMPerfTest.vcxproj", "{3CC7302A-27A0-462A-AF1F-20869384DC21}"
EndProject
Project("{8BC9CEB8-8B4A-11D0-8D11-00A0C91BC942}") = "LMPerfTest", "LMPerfTest\LMPerfTest.vcxproj", "{5A42AD49-8F7F-48E6-9B5A-3E3701DEF1B9}"
EndProject
Project("{8BC9CEB8-8B4A-11D0-8D11-00A0C91BC942}") = "GoogleEval", "GoogleEval\GoogleEval.vcxproj", "{0F69864D-03F6-4BEC-82FE-CE0FBFF12165}"
EndProject
Project("{8BC9CEB8-8B4A-11D0-8D11-00A0C91BC942}") = "Convert2W2VOutput", "Convert2W2VOutput\Convert2W2VOutput.vcxproj", "{977AA3F3-CA17-4B20-81A8-9C15E75A7002}"
EndProject
Global
	GlobalSection(SolutionConfigurationPlatforms) = preSolution
		Debug|Mixed Platforms = Debug|Mixed Platforms
		Debug|Win32 = Debug|Win32
		Debug|x64 = Debug|x64
		Release|Mixed Platforms = Release|Mixed Platforms
		Release|Win32 = Release|Win32
		Release|x64 = Release|x64
	EndGlobalSection
	GlobalSection(ProjectConfigurationPlatforms) = postSolution
		{CDE78703-EDA2-4596-9663-1067C3FE59BB}.Debug|Mixed Platforms.ActiveCfg = Debug|Win32
		{CDE78703-EDA2-4596-9663-1067C3FE59BB}.Debug|Mixed Platforms.Build.0 = Debug|Win32
		{CDE78703-EDA2-4596-9663-1067C3FE59BB}.Debug|Win32.ActiveCfg = Debug|Win32
		{CDE78703-EDA2-4596-9663-1067C3FE59BB}.Debug|Win32.Build.0 = Debug|Win32
		{CDE78703-EDA2-4596-9663-1067C3FE59BB}.Debug|x64.ActiveCfg = Debug|x64
		{CDE78703-EDA2-4596-9663-1067C3FE59BB}.Debug|x64.Build.0 = Debug|x64
		{CDE78703-EDA2-4596-9663-1067C3FE59BB}.Release|Mixed Platforms.ActiveCfg = Release|Win32
		{CDE78703-EDA2-4596-9663-1067C3FE59BB}.Release|Mixed Platforms.Build.0 = Release|Win32
		{CDE78703-EDA2-4596-9663-1067C3FE59BB}.Release|Win32.ActiveCfg = Release|Win32
		{CDE78703-EDA2-4596-9663-1067C3FE59BB}.Release|Win32.Build.0 = Release|Win32
		{CDE78703-EDA2-4596-9663-1067C3FE59BB}.Release|x64.ActiveCfg = Release|x64
		{CDE78703-EDA2-4596-9663-1067C3FE59BB}.Release|x64.Build.0 = Release|x64
		{3CC7302A-27A0-462A-AF1F-20869384DC21}.Debug|Mixed Platforms.ActiveCfg = Debug|Win32
		{3CC7302A-27A0-462A-AF1F-20869384DC21}.Debug|Mixed Platforms.Build.0 = Debug|Win32
		{3CC7302A-27A0-462A-AF1F-20869384DC21}.Debug|Win32.ActiveCfg = Debug|Win32
		{3CC7302A-27A0-462A-AF1F-20869384DC21}.Debug|Win32.Build.0 = Debug|Win32
		{3CC7302A-27A0-462A-AF1F-20869384DC21}.Debug|x64.ActiveCfg = Debug|x64
		{3CC7302A-27A0-462A-AF1F-20869384DC21}.Debug|x64.Build.0 = Debug|x64
		{3CC7302A-27A0-462A-AF1F-20869384DC21}.Release|Mixed Platforms.ActiveCfg = Release|Win32
		{3CC7302A-27A0-462A-AF1F-20869384DC21}.Release|Mixed Platforms.Build.0 = Release|Win32
		{3CC7302A-27A0-462A-AF1F-20869384DC21}.Release|Win32.ActiveCfg = Release|Win32
		{3CC7302A-27A0-462A-AF1F-20869384DC21}.Release|Win32.Build.0 = Release|Win32
		{3CC7302A-27A0-462A-AF1F-20869384DC21}.Release|x64.ActiveCfg = Release|x64
		{3CC7302A-27A0-462A-AF1F-20869384DC21}.Release|x64.Build.0 = Release|x64
		{5A42AD49-8F7F-48E6-9B5A-3E3701DEF1B9}.Debug|Mixed Platforms.ActiveCfg = Debug|Win32
		{5A42AD49-8F7F-48E6-9B5A-3E3701DEF1B9}.Debug|Mixed Platforms.Build.0 = Debug|Win32
		{5A42AD49-8F7F-48E6-9B5A-3E3701DEF1B9}.Debug|Win32.ActiveCfg = Debug|Win32
		{5A42AD49-8F7F-48E6-9B5A-3E3701DEF1B9}.Debug|Win32.Build.0 = Debug|Win32
		{5A42AD49-8F7F-48E6-9B5A-3E3701DEF1B9}.Debug|x64.ActiveCfg = Debug|x64
		{5A42AD49-8F7F-48E6-9B5A-3E3701DEF1B9}.Debug|x64.Build.0 = Debug|x64
		{5A42AD49-8F7F-48E6-9B5A-3E3701DEF1B9}.Release|Mixed Platforms.ActiveCfg = Release|Win32
		{5A42AD49-8F7F-48E6-9B5A-3E3701DEF1B9}.Release|Mixed Platforms.Build.0 = Release|Win32
		{5A42AD49-8F7F-48E6-9B5A-3E3701DEF1B9}.Release|Win32.ActiveCfg = Release|Win32
		{5A42AD49-8F7F-48E6-9B5A-3E3701DEF1B9}.Release|Win32.Build.0 = Release|Win32
		{5A42AD49-8F7F-48E6-9B5A-3E3701DEF1B9}.Release|x64.ActiveCfg = Release|x64
		{5A42AD49-8F7F-48E6-9B5A-3E3701DEF1B9}.Release|x64.Build.0 = Release|x64
		{0F69864D-03F6-4BEC-82FE-CE0FBFF12165}.Debug|Mixed Platforms.ActiveCfg = Debug|Win32
		{0F69864D-03F6-4BEC-82FE-CE0FBFF12165}.Debug|Mixed Platforms.Build.0 = Debug|Win32
		{0F69864D-03F6-4BEC-82FE-CE0FBFF12165}.Debug|Win32.ActiveCfg = Debug|Win32
		{0F69864D-03F6-4BEC-82FE-CE0FBFF12165}.Debug|Win32.Build.0 = Debug|Win32
		{0F69864D-03F6-4BEC-82FE-CE0FBFF12165}.Debug|x64.ActiveCfg = Debug|x64
		{0F69864D-03F6-4BEC-82FE-CE0FBFF12165}.Debug|x64.Build.0 = Debug|x64
		{0F69864D-03F6-4BEC-82FE-CE0FBFF12165}.Release|Mixed Platforms.ActiveCfg = Release|Win32
		{0F69864D-03F6-4BEC-82FE-CE0FBFF12165}.Release|Mixed Platforms.Build.0 = Release|Win32
		{0F69864D-03F6-4BEC-82FE-CE0FBFF12165}.Release|Win32.ActiveCfg = Release|Win32
		{0F69864D-03F6-4BEC-82FE-CE0FBFF12165}.Release|Win32.Build.0 = Release|Win32
		{0F69864D-03F6-4BEC-82FE-CE0FBFF12165}.Release|x64.ActiveCfg = Release|x64
		{0F69864D-03F6-4BEC-82FE-CE0FBFF12165}.Release|x64.Build.0 = Release|x64
		{977AA3F3-CA17-4B20-81A8-9C15E75A7002}.Debug|Mixed Platforms.ActiveCfg = Debug|Win32
		{977AA3F3-CA17-4B20-81A8-9C15E75A7002}.Debug|Mixed Platforms.Build.0 = Debug|Win32
		{977AA3F3-CA17-4B20-81A8-9C15E75A7002}.Debug|Win32.ActiveCfg = Debug|Win32
		{977AA3F3-CA17-4B20-81A8-9C15E75A7002}.Debug|Win32.Build.0 = Debug|Win32
		{977AA3F3-CA17-4B20-81A8-9C15E75A7002}.Debug|x64.ActiveCfg = Debug|Win32
		{977AA3F3-CA17-4B20-81A8-9C15E75A7002}.Release|Mixed Platforms.ActiveCfg = Release|Win32
		{977AA3F3-CA17-4B20-81A8-9C15E75A7002}.Release|Mixed Platforms.Build.0 = Release|Win32
		{977AA3F3-CA17-4B20-81A8-9C15E75A7002}.Release|Win32.ActiveCfg = Release|Win32
		{977AA3F3-CA17-4B20-81A8-9C15E75A7002}.Release|Win32.Build.0 = Release|Win32
		{977AA3F3-CA17-4B20-81A8-9C15E75A7002}.Release|x64.ActiveCfg = Release|x64
		{977AA3F3-CA17-4B20-81A8-9C15E75A7002}.Release|x64.Build.0 = Release|x64
	EndGlobalSection
	GlobalSection(SolutionProperties) = preSolution
		HideSolutionNode = FALSE
	EndGlobalSection
EndGlobal
